
Microsoft Visual Studio Solution File, Format Version 12.00
# Visual Studio Version 17
VisualStudioVersion = 17.0.31903.59
MinimumVisualStudioVersion = 10.0.40219.1
Project("{FAE04EC0-301F-11D3-BF4B-00C04F79EFBC}") = "RandomTest", "RandomTest\RandomTest.csproj", "{09CBE089-717C-4515-8E15-192EFAEBD7F9}"
EndProject
Project("{FAE04EC0-301F-11D3-BF4B-00C04F79EFBC}") = "UpperUnion", "UpperUnion\UpperUnion.csproj", "{831BD4B0-3DE1-4E77-8FF2-75523D827F19}"
EndProject
Project("{FAE04EC0-301F-11D3-BF4B-00C04F79EFBC}") = "Tempo", "Tempo\Tempo.csproj", "{5903DE87-9FAA-49C6-86E3-B03E3BE835C8}"
EndProject
Project("{FAE04EC0-301F-11D3-BF4B-00C04F79EFBC}") = "RandomDice", "RandomDice\RandomDice.csproj", "{600223E8-E565-4EBA-868C-1D77811065B2}"
EndProject
Global
	GlobalSection(SolutionConfigurationPlatforms) = preSolution
		Debug|Any CPU = Debug|Any CPU
		Release|Any CPU = Release|Any CPU
	EndGlobalSection
	GlobalSection(SolutionProperties) = preSolution
		HideSolutionNode = FALSE
	EndGlobalSection
	GlobalSection(ProjectConfigurationPlatforms) = postSolution
		{09CBE089-717C-4515-8E15-192EFAEBD7F9}.Debug|Any CPU.ActiveCfg = Debug|Any CPU
		{09CBE089-717C-4515-8E15-192EFAEBD7F9}.Debug|Any CPU.Build.0 = Debug|Any CPU
		{09CBE089-717C-4515-8E15-192EFAEBD7F9}.Release|Any CPU.ActiveCfg = Release|Any CPU
		{09CBE089-717C-4515-8E15-192EFAEBD7F9}.Release|Any CPU.Build.0 = Release|Any CPU
		{831BD4B0-3DE1-4E77-8FF2-75523D827F19}.Debug|Any CPU.ActiveCfg = Debug|Any CPU
		{831BD4B0-3DE1-4E77-8FF2-75523D827F19}.Debug|Any CPU.Build.0 = Debug|Any CPU
		{831BD4B0-3DE1-4E77-8FF2-75523D827F19}.Release|Any CPU.ActiveCfg = Release|Any CPU
		{831BD4B0-3DE1-4E77-8FF2-75523D827F19}.Release|Any CPU.Build.0 = Release|Any CPU
		{5903DE87-9FAA-49C6-86E3-B03E3BE835C8}.Debug|Any CPU.ActiveCfg = Debug|Any CPU
		{5903DE87-9FAA-49C6-86E3-B03E3BE835C8}.Debug|Any CPU.Build.0 = Debug|Any CPU
		{5903DE87-9FAA-49C6-86E3-B03E3BE835C8}.Release|Any CPU.ActiveCfg = Release|Any CPU
		{5903DE87-9FAA-49C6-86E3-B03E3BE835C8}.Release|Any CPU.Build.0 = Release|Any CPU
		{600223E8-E565-4EBA-868C-1D77811065B2}.Debug|Any CPU.ActiveCfg = Debug|Any CPU
		{600223E8-E565-4EBA-868C-1D77811065B2}.Debug|Any CPU.Build.0 = Debug|Any CPU
		{600223E8-E565-4EBA-868C-1D77811065B2}.Release|Any CPU.ActiveCfg = Release|Any CPU
		{600223E8-E565-4EBA-868C-1D77811065B2}.Release|Any CPU.Build.0 = Release|Any CPU
	EndGlobalSection
EndGlobal
